
Microsoft Visual Studio Solution File, Format Version 12.00
# Visual Studio Version 16
VisualStudioVersion = 16.0.30907.101
MinimumVisualStudioVersion = 10.0.40219.1
Project("{FAE04EC0-301F-11D3-BF4B-00C04F79EFBC}") = "WindowsFormsApp1", "WindowsFormsApp1\WindowsFormsApp1.csproj", "{18ADD5B7-7750-460A-BE79-CC96C0FCB545}"
EndProject
Global
	GlobalSection(SolutionConfigurationPlatforms) = preSolution
		Debug|Any CPU = Debug|Any CPU
		Release|Any CPU = Release|Any CPU
	EndGlobalSection
	GlobalSection(ProjectConfigurationPlatforms) = postSolution
		{18ADD5B7-7750-460A-BE79-CC96C0FCB545}.Debug|Any CPU.ActiveCfg = Debug|Any CPU
		{18ADD5B7-7750-460A-BE79-CC96C0FCB545}.Debug|Any CPU.Build.0 = Debug|Any CPU
		{18ADD5B7-7750-460A-BE79-CC96C0FCB545}.Release|Any CPU.ActiveCfg = Release|Any CPU
		{18ADD5B7-7750-460A-BE79-CC96C0FCB545}.Release|Any CPU.Build.0 = Release|Any CPU
	EndGlobalSection
	GlobalSection(SolutionProperties) = preSolution
		HideSolutionNode = FALSE
	EndGlobalSection
	GlobalSection(ExtensibilityGlobals) = postSolution
		SolutionGuid = {7BF3FFD7-A4EC-42DB-B91C-3F8B381E7483}
	EndGlobalSection
EndGlobal
